
Microsoft Visual Studio Solution File, Format Version 12.00
# Visual Studio Version 16
VisualStudioVersion = 16.0.29215.179
MinimumVisualStudioVersion = 10.0.40219.1
Project("{FAE04EC0-301F-11D3-BF4B-00C04F79EFBC}") = "HelloWorldAJV", "HelloWorldAJV.csproj", "{6AEA27F4-148C-48DD-84EC-5C0A9859E118}"
EndProject
Global
	GlobalSection(SolutionConfigurationPlatforms) = preSolution
		Debug|Any CPU = Debug|Any CPU
		Release|Any CPU = Release|Any CPU
	EndGlobalSection
	GlobalSection(ProjectConfigurationPlatforms) = postSolution
		{6AEA27F4-148C-48DD-84EC-5C0A9859E118}.Debug|Any CPU.ActiveCfg = Debug|Any CPU
		{6AEA27F4-148C-48DD-84EC-5C0A9859E118}.Debug|Any CPU.Build.0 = Debug|Any CPU
		{6AEA27F4-148C-48DD-84EC-5C0A9859E118}.Release|Any CPU.ActiveCfg = Release|Any CPU
		{6AEA27F4-148C-48DD-84EC-5C0A9859E118}.Release|Any CPU.Build.0 = Release|Any CPU
	EndGlobalSection
	GlobalSection(SolutionProperties) = preSolution
		HideSolutionNode = FALSE
	EndGlobalSection
	GlobalSection(ExtensibilityGlobals) = postSolution
		SolutionGuid = {47B3C213-75C2-486A-BFF1-90E77EF29602}
	EndGlobalSection
EndGlobal
